
Microsoft Visual Studio Solution File, Format Version 12.00
# Visual Studio Version 17
VisualStudioVersion = 17.14.36203.30
MinimumVisualStudioVersion = 10.0.40219.1
Project("{FAE04EC0-301F-11D3-BF4B-00C04F79EFBC}") = "TallerAppApuntesGrupo4", "TallerAppApuntesGrupo4\TallerAppApuntesGrupo4.csproj", "{3B8E8333-A17A-4A18-8458-98BBA38F28D9}"
EndProject
Global
	GlobalSection(SolutionConfigurationPlatforms) = preSolution
		Debug|Any CPU = Debug|Any CPU
		Release|Any CPU = Release|Any CPU
	EndGlobalSection
	GlobalSection(ProjectConfigurationPlatforms) = postSolution
		{3B8E8333-A17A-4A18-8458-98BBA38F28D9}.Debug|Any CPU.ActiveCfg = Debug|Any CPU
		{3B8E8333-A17A-4A18-8458-98BBA38F28D9}.Debug|Any CPU.Build.0 = Debug|Any CPU
		{3B8E8333-A17A-4A18-8458-98BBA38F28D9}.Debug|Any CPU.Deploy.0 = Debug|Any CPU
		{3B8E8333-A17A-4A18-8458-98BBA38F28D9}.Release|Any CPU.ActiveCfg = Release|Any CPU
		{3B8E8333-A17A-4A18-8458-98BBA38F28D9}.Release|Any CPU.Build.0 = Release|Any CPU
		{3B8E8333-A17A-4A18-8458-98BBA38F28D9}.Release|Any CPU.Deploy.0 = Release|Any CPU
	EndGlobalSection
	GlobalSection(SolutionProperties) = preSolution
		HideSolutionNode = FALSE
	EndGlobalSection
	GlobalSection(ExtensibilityGlobals) = postSolution
		SolutionGuid = {5083DC0C-EA51-4EF4-9FE3-A297CFAE1E69}
	EndGlobalSection
EndGlobal
